
Microsoft Visual Studio Solution File, Format Version 12.00
# Visual Studio Version 16
VisualStudioVersion = 16.0.29001.49
MinimumVisualStudioVersion = 10.0.40219.1
Project("{2150E333-8FDC-42A3-9474-1A3956D46DE8}") = "src", "src", "{649A3FFA-182F-4E56-9717-E6A9A2BEC545}"
EndProject
Project("{2150E333-8FDC-42A3-9474-1A3956D46DE8}") = "host", "host", "{E400416D-2895-4512-9D17-90681EEC7E0A}"
EndProject
Project("{9A19103F-16F7-4668-BE54-9A1E7A4F7556}") = "MyCompanyName.MyProjectName.HttpApi.Host", "host\MyCompanyName.MyProjectName.HttpApi.Host\MyCompanyName.MyProjectName.HttpApi.Host.csproj", "{37B135B0-DAFE-4616-B25C-1BDF32FC44A2}"
EndProject
Project("{FAE04EC0-301F-11D3-BF4B-00C04F79EFBC}") = "MyCompanyName.MyProjectName.Infrastructure", "src\MyCompanyName.MyProjectName.Infrastructure\MyCompanyName.MyProjectName.Infrastructure.csproj", "{935340C4-2575-4E3F-8BAB-FE7D1D2DB61E}"
EndProject
Project("{FAE04EC0-301F-11D3-BF4B-00C04F79EFBC}") = "MyCompanyName.MyProjectName.HttpApi", "src\MyCompanyName.MyProjectName.HttpApi\MyCompanyName.MyProjectName.HttpApi.csproj", "{B7BCEE90-A864-4369-8BD2-92B10E3F2157}"
EndProject
Project("{2150E333-8FDC-42A3-9474-1A3956D46DE8}") = "frameworks", "frameworks", "{76C94CCC-1A46-4C4B-9A74-73858AF59EBD}"
EndProject
Project("{FAE04EC0-301F-11D3-BF4B-00C04F79EFBC}") = "MyCompanyName.MyProjectName.SqlSugar", "frameworks\MyCompanyName.MyProjectName.SqlSugar\MyCompanyName.MyProjectName.SqlSugar.csproj", "{6C79B036-2795-4299-81D2-21BF67F4B542}"
EndProject
Project("{FAE04EC0-301F-11D3-BF4B-00C04F79EFBC}") = "MyCompanyName.MyProjectName.Domain", "src\MyCompanyName.MyProjectName.Domain\MyCompanyName.MyProjectName.Domain.csproj", "{7B7F978F-9DB6-4065-AD8D-1112052ACFF5}"
EndProject
Project("{FAE04EC0-301F-11D3-BF4B-00C04F79EFBC}") = "MyCompanyName.MyProjectName.Core", "frameworks\MyCompanyName.MyProjectName.Core\MyCompanyName.MyProjectName.Core.csproj", "{053B8936-A160-4802-B44B-CDA28E636A1C}"
EndProject
Global
	GlobalSection(SolutionConfigurationPlatforms) = preSolution
		Debug|Any CPU = Debug|Any CPU
		Release|Any CPU = Release|Any CPU
	EndGlobalSection
	GlobalSection(ProjectConfigurationPlatforms) = postSolution
		{37B135B0-DAFE-4616-B25C-1BDF32FC44A2}.Debug|Any CPU.ActiveCfg = Debug|Any CPU
		{37B135B0-DAFE-4616-B25C-1BDF32FC44A2}.Debug|Any CPU.Build.0 = Debug|Any CPU
		{37B135B0-DAFE-4616-B25C-1BDF32FC44A2}.Release|Any CPU.ActiveCfg = Release|Any CPU
		{37B135B0-DAFE-4616-B25C-1BDF32FC44A2}.Release|Any CPU.Build.0 = Release|Any CPU
		{935340C4-2575-4E3F-8BAB-FE7D1D2DB61E}.Debug|Any CPU.ActiveCfg = Debug|Any CPU
		{935340C4-2575-4E3F-8BAB-FE7D1D2DB61E}.Debug|Any CPU.Build.0 = Debug|Any CPU
		{935340C4-2575-4E3F-8BAB-FE7D1D2DB61E}.Release|Any CPU.ActiveCfg = Release|Any CPU
		{935340C4-2575-4E3F-8BAB-FE7D1D2DB61E}.Release|Any CPU.Build.0 = Release|Any CPU
		{B7BCEE90-A864-4369-8BD2-92B10E3F2157}.Debug|Any CPU.ActiveCfg = Debug|Any CPU
		{B7BCEE90-A864-4369-8BD2-92B10E3F2157}.Debug|Any CPU.Build.0 = Debug|Any CPU
		{B7BCEE90-A864-4369-8BD2-92B10E3F2157}.Release|Any CPU.ActiveCfg = Release|Any CPU
		{B7BCEE90-A864-4369-8BD2-92B10E3F2157}.Release|Any CPU.Build.0 = Release|Any CPU
		{6C79B036-2795-4299-81D2-21BF67F4B542}.Debug|Any CPU.ActiveCfg = Debug|Any CPU
		{6C79B036-2795-4299-81D2-21BF67F4B542}.Debug|Any CPU.Build.0 = Debug|Any CPU
		{6C79B036-2795-4299-81D2-21BF67F4B542}.Release|Any CPU.ActiveCfg = Release|Any CPU
		{6C79B036-2795-4299-81D2-21BF67F4B542}.Release|Any CPU.Build.0 = Release|Any CPU
		{7B7F978F-9DB6-4065-AD8D-1112052ACFF5}.Debug|Any CPU.ActiveCfg = Debug|Any CPU
		{7B7F978F-9DB6-4065-AD8D-1112052ACFF5}.Debug|Any CPU.Build.0 = Debug|Any CPU
		{7B7F978F-9DB6-4065-AD8D-1112052ACFF5}.Release|Any CPU.ActiveCfg = Release|Any CPU
		{7B7F978F-9DB6-4065-AD8D-1112052ACFF5}.Release|Any CPU.Build.0 = Release|Any CPU
		{053B8936-A160-4802-B44B-CDA28E636A1C}.Debug|Any CPU.ActiveCfg = Debug|Any CPU
		{053B8936-A160-4802-B44B-CDA28E636A1C}.Debug|Any CPU.Build.0 = Debug|Any CPU
		{053B8936-A160-4802-B44B-CDA28E636A1C}.Release|Any CPU.ActiveCfg = Release|Any CPU
		{053B8936-A160-4802-B44B-CDA28E636A1C}.Release|Any CPU.Build.0 = Release|Any CPU
	EndGlobalSection
	GlobalSection(SolutionProperties) = preSolution
		HideSolutionNode = FALSE
	EndGlobalSection
	GlobalSection(NestedProjects) = preSolution
		{37B135B0-DAFE-4616-B25C-1BDF32FC44A2} = {E400416D-2895-4512-9D17-90681EEC7E0A}
		{935340C4-2575-4E3F-8BAB-FE7D1D2DB61E} = {649A3FFA-182F-4E56-9717-E6A9A2BEC545}
		{B7BCEE90-A864-4369-8BD2-92B10E3F2157} = {649A3FFA-182F-4E56-9717-E6A9A2BEC545}
		{6C79B036-2795-4299-81D2-21BF67F4B542} = {76C94CCC-1A46-4C4B-9A74-73858AF59EBD}
		{7B7F978F-9DB6-4065-AD8D-1112052ACFF5} = {649A3FFA-182F-4E56-9717-E6A9A2BEC545}
		{053B8936-A160-4802-B44B-CDA28E636A1C} = {76C94CCC-1A46-4C4B-9A74-73858AF59EBD}
	EndGlobalSection
	GlobalSection(ExtensibilityGlobals) = postSolution
		SolutionGuid = {4324B3B4-B60B-4E3C-91D8-59576B4E26DD}
	EndGlobalSection
EndGlobal
